
Microsoft Visual Studio Solution File, Format Version 12.00
# Visual Studio 15
VisualStudioVersion = 15.0.27130.2027
MinimumVisualStudioVersion = 10.0.40219.1
Project("{8BC9CEB8-8B4A-11D0-8D11-00A0C91BC942}") = "1_HelloGLFW", "1_HelloGLFW\1_HelloGLFW.vcxproj", "{05E07337-28F4-4375-AD32-F603B9CCF407}"
EndProject
Project("{8BC9CEB8-8B4A-11D0-8D11-00A0C91BC942}") = "2_HelloGLEW", "2_HelloGLEW\2_HelloGLEW.vcxproj", "{2FA8A574-F29F-4164-AB88-2FE5CA4F70E0}"
EndProject
Project("{8BC9CEB8-8B4A-11D0-8D11-00A0C91BC942}") = "3_HelloTriangle", "3_HelloTriangle\3_HelloTriangle.vcxproj", "{C481AB53-ECDE-4A68-A60E-E3718D6DB99D}"
EndProject
Project("{8BC9CEB8-8B4A-11D0-8D11-00A0C91BC942}") = "4_HelloShaders", "4_HelloShaders\4_HelloShaders.vcxproj", "{6CFE9F3A-9E03-4EE1-876B-8475A0B7CD89}"
EndProject
Project("{8BC9CEB8-8B4A-11D0-8D11-00A0C91BC942}") = "Common", "Common\Common.vcxproj", "{F4FC896F-80F7-4CB7-8B9A-CC74637E4439}"
EndProject
Global
	GlobalSection(SolutionConfigurationPlatforms) = preSolution
		Debug|x64 = Debug|x64
		Debug|x86 = Debug|x86
		Release|x64 = Release|x64
		Release|x86 = Release|x86
	EndGlobalSection
	GlobalSection(ProjectConfigurationPlatforms) = postSolution
		{05E07337-28F4-4375-AD32-F603B9CCF407}.Debug|x64.ActiveCfg = Debug|x64
		{05E07337-28F4-4375-AD32-F603B9CCF407}.Debug|x64.Build.0 = Debug|x64
		{05E07337-28F4-4375-AD32-F603B9CCF407}.Debug|x86.ActiveCfg = Debug|Win32
		{05E07337-28F4-4375-AD32-F603B9CCF407}.Debug|x86.Build.0 = Debug|Win32
		{05E07337-28F4-4375-AD32-F603B9CCF407}.Release|x64.ActiveCfg = Release|x64
		{05E07337-28F4-4375-AD32-F603B9CCF407}.Release|x64.Build.0 = Release|x64
		{05E07337-28F4-4375-AD32-F603B9CCF407}.Release|x86.ActiveCfg = Release|Win32
		{05E07337-28F4-4375-AD32-F603B9CCF407}.Release|x86.Build.0 = Release|Win32
		{2FA8A574-F29F-4164-AB88-2FE5CA4F70E0}.Debug|x64.ActiveCfg = Debug|x64
		{2FA8A574-F29F-4164-AB88-2FE5CA4F70E0}.Debug|x64.Build.0 = Debug|x64
		{2FA8A574-F29F-4164-AB88-2FE5CA4F70E0}.Debug|x86.ActiveCfg = Debug|Win32
		{2FA8A574-F29F-4164-AB88-2FE5CA4F70E0}.Debug|x86.Build.0 = Debug|Win32
		{2FA8A574-F29F-4164-AB88-2FE5CA4F70E0}.Release|x64.ActiveCfg = Release|x64
		{2FA8A574-F29F-4164-AB88-2FE5CA4F70E0}.Release|x64.Build.0 = Release|x64
		{2FA8A574-F29F-4164-AB88-2FE5CA4F70E0}.Release|x86.ActiveCfg = Release|Win32
		{2FA8A574-F29F-4164-AB88-2FE5CA4F70E0}.Release|x86.Build.0 = Release|Win32
		{C481AB53-ECDE-4A68-A60E-E3718D6DB99D}.Debug|x64.ActiveCfg = Debug|x64
		{C481AB53-ECDE-4A68-A60E-E3718D6DB99D}.Debug|x64.Build.0 = Debug|x64
		{C481AB53-ECDE-4A68-A60E-E3718D6DB99D}.Debug|x86.ActiveCfg = Debug|Win32
		{C481AB53-ECDE-4A68-A60E-E3718D6DB99D}.Debug|x86.Build.0 = Debug|Win32
		{C481AB53-ECDE-4A68-A60E-E3718D6DB99D}.Release|x64.ActiveCfg = Release|x64
		{C481AB53-ECDE-4A68-A60E-E3718D6DB99D}.Release|x64.Build.0 = Release|x64
		{C481AB53-ECDE-4A68-A60E-E3718D6DB99D}.Release|x86.ActiveCfg = Release|Win32
		{C481AB53-ECDE-4A68-A60E-E3718D6DB99D}.Release|x86.Build.0 = Release|Win32
		{6CFE9F3A-9E03-4EE1-876B-8475A0B7CD89}.Debug|x64.ActiveCfg = Debug|x64
		{6CFE9F3A-9E03-4EE1-876B-8475A0B7CD89}.Debug|x64.Build.0 = Debug|x64
		{6CFE9F3A-9E03-4EE1-876B-8475A0B7CD89}.Debug|x86.ActiveCfg = Debug|Win32
		{6CFE9F3A-9E03-4EE1-876B-8475A0B7CD89}.Debug|x86.Build.0 = Debug|Win32
		{6CFE9F3A-9E03-4EE1-876B-8475A0B7CD89}.Release|x64.ActiveCfg = Release|x64
		{6CFE9F3A-9E03-4EE1-876B-8475A0B7CD89}.Release|x64.Build.0 = Release|x64
		{6CFE9F3A-9E03-4EE1-876B-8475A0B7CD89}.Release|x86.ActiveCfg = Release|Win32
		{6CFE9F3A-9E03-4EE1-876B-8475A0B7CD89}.Release|x86.Build.0 = Release|Win32
		{F4FC896F-80F7-4CB7-8B9A-CC74637E4439}.Debug|x64.ActiveCfg = Debug|x64
		{F4FC896F-80F7-4CB7-8B9A-CC74637E4439}.Debug|x64.Build.0 = Debug|x64
		{F4FC896F-80F7-4CB7-8B9A-CC74637E4439}.Debug|x86.ActiveCfg = Debug|Win32
		{F4FC896F-80F7-4CB7-8B9A-CC74637E4439}.Debug|x86.Build.0 = Debug|Win32
		{F4FC896F-80F7-4CB7-8B9A-CC74637E4439}.Release|x64.ActiveCfg = Release|x64
		{F4FC896F-80F7-4CB7-8B9A-CC74637E4439}.Release|x64.Build.0 = Release|x64
		{F4FC896F-80F7-4CB7-8B9A-CC74637E4439}.Release|x86.ActiveCfg = Release|Win32
		{F4FC896F-80F7-4CB7-8B9A-CC74637E4439}.Release|x86.Build.0 = Release|Win32
	EndGlobalSection
	GlobalSection(SolutionProperties) = preSolution
		HideSolutionNode = FALSE
	EndGlobalSection
	GlobalSection(ExtensibilityGlobals) = postSolution
		SolutionGuid = {93A39707-9C8F-453C-A97C-103403A12F95}
	EndGlobalSection
EndGlobal
